{
  "name": "civiceye-2.0",
  "lockfileVersion": 3,
  "requires": true,
  "packages": {
    "": {
      "dependencies": {
        "@next/swc-linux-x64-gnu": "^16.3.5"
      },
      "optionalDependencies": {
        "@next/swc-linux-x64-gnu": "^16.3.5"
      }
    },
    "node_modules/@next/swc-linux-x64-gnu": {
      "version": "16.3.5",
      "resolved": "https://registry.npmjs.org/@next/swc-linux-x64-gnu/-/swc-linux-x64-gnu-16.3.5.tgz",
      "integrity": "sha512-NH/xzehyHEFWE2nlcZon7TB/0+H4shfWCi7S1zka815XCOhJDYZhoeJtOYy0dh0WVRWACVXSyGNFFytoMxUhRg==",
      "cpu": [
        "x64"
      ],
      "libc": [
        "glibc"
      ],
      "license": "MIT",
      "optional": true,
      "os": [
        "linux"
      ],
      "engines": {
        "node": ">= 10"
      }
    }
  }
}
